
Microsoft Visual Studio Solution File, Format Version 12.00
# Visual Studio Version 17
VisualStudioVersion = 17.8.34322.80
MinimumVisualStudioVersion = 10.0.40219.1
Project("{FAE04EC0-301F-11D3-BF4B-00C04F79EFBC}") = "CookingStudioAdmin", "CookingStudioAdmin\CookingStudioAdmin.csproj", "{BCB86640-16B8-4A58-A4E3-F466CC9551A3}"
EndProject
Global
	GlobalSection(SolutionConfigurationPlatforms) = preSolution
		Debug|Any CPU = Debug|Any CPU
		Release|Any CPU = Release|Any CPU
	EndGlobalSection
	GlobalSection(ProjectConfigurationPlatforms) = postSolution
		{BCB86640-16B8-4A58-A4E3-F466CC9551A3}.Debug|Any CPU.ActiveCfg = Debug|Any CPU
		{BCB86640-16B8-4A58-A4E3-F466CC9551A3}.Debug|Any CPU.Build.0 = Debug|Any CPU
		{BCB86640-16B8-4A58-A4E3-F466CC9551A3}.Release|Any CPU.ActiveCfg = Release|Any CPU
		{BCB86640-16B8-4A58-A4E3-F466CC9551A3}.Release|Any CPU.Build.0 = Release|Any CPU
	EndGlobalSection
	GlobalSection(SolutionProperties) = preSolution
		HideSolutionNode = FALSE
	EndGlobalSection
	GlobalSection(ExtensibilityGlobals) = postSolution
		SolutionGuid = {EC20B46E-594C-474E-B8F8-70399AB7B2C8}
	EndGlobalSection
EndGlobal
